version = 1
revision = 2
requires-python = ">=3.13"

[[package]]
name = "bleak"
version = "0.22.3"
source = { registry = "https://pypi.org/simple" }
dependencies = [
    { name = "dbus-fast", marker = "sys_platform == 'linux'" },
    { name = "pyobjc-core", marker = "sys_platform == 'darwin'" },
    { name = "pyobjc-framework-corebluetooth", marker = "sys_platform == 'darwin'" },
    { name = "pyobjc-framework-libdispatch", marker = "sys_platform == 'darwin'" },
    { name = "winrt-runtime", marker = "sys_platform == 'win32'" },
    { name = "winrt-windows-devices-bluetooth", marker = "sys_platform == 'win32'" },
    { name = "winrt-windows-devices-bluetooth-advertisement", marker = "sys_platform == 'win32'" },
    { name = "winrt-windows-devices-bluetooth-genericattributeprofile", marker = "sys_platform == 'win32'" },
    { name = "winrt-windows-devices-enumeration", marker = "sys_platform == 'win32'" },
    { name = "winrt-windows-foundation", marker = "sys_platform == 'win32'" },
    { name = "winrt-windows-foundation-collections", marker = "sys_platform == 'win32'" },
    { name = "winrt-windows-storage-streams", marker = "sys_platform == 'win32'" },
]
sdist = { url = "https://files.pythonhosted.org/packages/fb/96/15750b50c0018338e2cce30de939130971ebfdf4f9d6d56c960f5657daad/bleak-0.22.3.tar.gz", hash = "sha256:3149c3c19657e457727aa53d9d6aeb89658495822cd240afd8aeca4dd09c045c", size = 122339, upload-time = "2024-10-05T21:21:00.661Z" }
wheels = [
    { url = "https://files.pythonhosted.org/packages/0a/ce/3adf9e742bb22e4a4b3435f24111cb46a1d12731ba655ee00bb5ab0308cc/bleak-0.22.3-py3-none-any.whl", hash = "sha256:1e62a9f5e0c184826e6c906e341d8aca53793e4596eeaf4e0b191e7aca5c461c", size = 142719, upload-time = "2024-10-05T21:20:58.547Z" },
]

[[package]]
name = "broodminder-cli"
version = "0.1.0"
source = { editable = "." }
dependencies = [
    { name = "bleak" },
    { name = "influxdb-client" },
    { name = "msgspec" },
    { name = "typer" },
]

[package.dev-dependencies]
dev = [
    { name = "ruff" },
]

[package.metadata]
requires-dist = [
    { name = "bleak", specifier = ">=0.22.3" },
    { name = "influxdb-client", specifier = ">=1.49.0" },
    { name = "msgspec", specifier = ">=0.18.0" },
    { name = "typer", specifier = ">=0.15.4" },
]

[package.metadata.requires-dev]
dev = [{ name = "ruff", specifier = ">=0.14.6" }]

[[package]]
name = "certifi"
version = "2025.4.26"
source = { registry = "https://pypi.org/simple" }
sdist = { url = "https://files.pythonhosted.org/packages/e8/9e/c05b3920a3b7d20d3d3310465f50348e5b3694f4f88c6daf736eef3024c4/certifi-2025.4.26.tar.gz", hash = "sha256:0a816057ea3cdefcef70270d2c515e4506bbc954f417fa5ade2021213bb8f0c6", size = 160705, upload-time = "2025-04-26T02:12:29.51Z" }
wheels = [
    { url = "https://files.pythonhosted.org/packages/4a/7e/3db2bd1b1f9e95f7cddca6d6e75e2f2bd9f51b1246e546d88addca0106bd/certifi-2025.4.26-py3-none-any.whl", hash = "sha256:30350364dfe371162649852c63336a15c70c6510c2ad5015b21c2345311805f3", size = 159618, upload-time = "2025-04-26T02:12:27.662Z" },
]

[[package]]
name = "click"
version = "8.1.8"
source = { registry = "https://pypi.org/simple" }
dependencies = [
    { name = "colorama", marker = "sys_platform == 'win32'" },
]
sdist = { url = "https://files.pythonhosted.org/packages/b9/2e/0090cbf739cee7d23781ad4b89a9894a41538e4fcf4c31dcdd705b78eb8b/click-8.1.8.tar.gz", hash = "sha256:ed53c9d8990d83c2a27deae68e4ee337473f6330c040a31d4225c9574d16096a", size = 226593, upload-time = "2024-12-21T18:38:44.339Z" }
wheels = [
    { url = "https://files.pythonhosted.org/packages/7e/d4/7ebdbd03970677812aac39c869717059dbb71a4cfc033ca6e5221787892c/click-8.1.8-py3-none-any.whl", hash = "sha256:63c132bbbed01578a06712a2d1f497bb62d9c1c0d329b7903a866228027263b2", size = 98188, upload-time = "2024-12-21T18:38:41.666Z" },
]

[[package]]
name = "colorama"
version = "0.4.6"
source = { registry = "https://pypi.org/simple" }
sdist = { url = "https://files.pythonhosted.org/packages/d8/53/6f443c9a4a8358a93a6792e2acffb9d9d5cb0a5cfd8802644b7b1c9a02e4/colorama-0.4.6.tar.gz", hash = "sha256:08695f5cb7ed6e0531a20572697297273c47b8cae5a63ffc6d6ed5c201be6e44", size = 27697, upload-time = "2022-10-25T02:36:22.414Z" }
wheels = [
    { url = "https://files.pythonhosted.org/packages/d1/d6/3965ed04c63042e047cb6a3e6ed1a63a35087b6a609aa3a15ed8ac56c221/colorama-0.4.6-py2.py3-none-any.whl", hash = "sha256:4f1d9991f5acc0ca119f9d443620b77f9d6b33703e51011c16baf57afb285fc6", size = 25335, upload-time = "2022-10-25T02:36:20.889Z" },
]

[[package]]
name = "dbus-fast"
version = "2.44.1"
source = { registry = "https://pypi.org/simple" }
sdist = { url = "https://files.pythonhosted.org/packages/c2/a1/9693ec018feed2a7d3420eac6c807eabc6eb84227913104123c0d2ea5737/dbus_fast-2.44.1.tar.gz", hash = "sha256:b027e96c39ed5622bb54d811dcdbbe9d9d6edec3454808a85a1ceb1867d9e25c", size = 72424, upload-time = "2025-04-03T19:07:20.042Z" }
wheels = [
    { url = "https://files.pythonhosted.org/packages/a5/ee/78bf56862fd6ae87998f1ef1d47849a9c5915abb4f0449a72b2c0885482b/dbus_fast-2.44.1-cp313-cp313-manylinux_2_17_aarch64.manylinux2014_aarch64.whl", hash = "sha256:89dc5db158bf9838979f732acc39e0e1ecd7e3295a09fa8adb93b09c097615a4", size = 834865, upload-time = "2025-04-03T19:22:20.408Z" },
    { url = "https://files.pythonhosted.org/packages/1b/67/2c0ef231189ff63fa49687f8529ad6bb5afc3bbfda5ba65d9ce3e816cfb8/dbus_fast-2.44.1-cp313-cp313-manylinux_2_17_i686.manylinux_2_5_i686.manylinux1_i686.manylinux2014_i686.whl", hash = "sha256:f11878c0c089d278861e48c02db8002496c2233b0f605b5630ef61f0b7fb0ea3", size = 905859, upload-time = "2025-04-03T19:22:22.106Z" },
    { url = "https://files.pythonhosted.org/packages/01/ef/9435eae3a658202c4342559b1dad82eb04edfa69fd803325e742c7627c6e/dbus_fast-2.44.1-cp313-cp313-manylinux_2_17_x86_64.manylinux2014_x86_64.whl", hash = "sha256:afd81f483b3ffb71e88478cfabccc1fab8d7154fccb1c661bfafcff9b0cfd996", size = 888654, upload-time = "2025-04-03T19:22:24.06Z" },
    { url = "https://files.pythonhosted.org/packages/80/08/9e870f0c4d82f7d6c224f502e51416d9855b2580093bb21b0fc240077a93/dbus_fast-2.44.1-cp313-cp313-manylinux_2_36_x86_64.whl", hash = "sha256:ad499de96a991287232749c98a59f2436ed260f6fd9ad4cb3b04a4b1bbbef148", size = 891721, upload-time = "2025-04-03T19:07:18.264Z" },
    { url = "https://files.pythonhosted.org/packages/53/d2/256fe23f403f8bb22d4fb67b6ad21bcc1c98e4528e2d30a4ae9851fac066/dbus_fast-2.44.1-cp313-cp313-musllinux_1_2_aarch64.whl", hash = "sha256:36c44286b11e83977cd29f9551b66b446bb6890dff04585852d975aa3a038ca2", size = 850255, upload-time = "2025-04-03T19:22:25.959Z" },
    { url = "https://files.pythonhosted.org/packages/28/ae/5d9964738bc9a59c9bb01bb4e196c541ed3495895297355c09283934756b/dbus_fast-2.44.1-cp313-cp313-musllinux_1_2_i686.whl", hash = "sha256:89f2f6eccbb0e464b90e5a8741deb9d6a91873eeb41a8c7b963962b39eb1e0cd", size = 939093, upload-time = "2025-04-03T19:22:27.481Z" },
    { url = "https://files.pythonhosted.org/packages/f5/3e/1c97abdf0f19ce26ac2f7f18c141495fc7459679d016475f4ad5dedef316/dbus_fast-2.44.1-cp313-cp313-musllinux_1_2_x86_64.whl", hash = "sha256:bb74a227b071e1a7c517bf3a3e4a5a0a2660620084162e74f15010075534c9d5", size = 915980, upload-time = "2025-04-03T19:22:29.067Z" },
]

[[package]]
name = "influxdb-client"
version = "1.49.0"
source = { registry = "https://pypi.org/simple" }
dependencies = [
    { name = "certifi" },
    { name = "python-dateutil" },
    { name = "reactivex" },
    { name = "setuptools" },
    { name = "urllib3" },
]
sdist = { url = "https://files.pythonhosted.org/packages/2a/f3/9c418215cf399529175ed5b198d15a21c2e29f28d90932107634b375c9ee/influxdb_client-1.49.0.tar.gz", hash = "sha256:4a53a218adef6ac9458bfbd31fa08c76194f70310c6b4e01f53d804bd2c48e03", size = 397572, upload-time = "2025-05-22T11:21:41.835Z" }
wheels = [
    { url = "https://files.pythonhosted.org/packages/20/9f/edbcec167e143466f681bbd41abe9dc3d3a5a3587f4ab735a5072ef93725/influxdb_client-1.49.0-py3-none-any.whl", hash = "sha256:b3a688f02cdf18e17ec08ef35bee489fdb90e4e5969bd0a8dd1a8657a66d892b", size = 746306, upload-time = "2025-05-22T11:21:39.888Z" },
]

[[package]]
name = "markdown-it-py"
version = "3.0.0"
source = { registry = "https://pypi.org/simple" }
dependencies = [
    { name = "mdurl" },
]
sdist = { url = "https://files.pythonhosted.org/packages/38/71/3b932df36c1a044d397a1f92d1cf91ee0a503d91e470cbd670aa66b07ed0/markdown-it-py-3.0.0.tar.gz", hash = "sha256:e3f60a94fa066dc52ec76661e37c851cb232d92f9886b15cb560aaada2df8feb", size = 74596, upload-time = "2023-06-03T06:41:14.443Z" }
wheels = [
    { url = "https://files.pythonhosted.org/packages/42/d7/1ec15b46af6af88f19b8e5ffea08fa375d433c998b8a7639e76935c14f1f/markdown_it_py-3.0.0-py3-none-any.whl", hash = "sha256:355216845c60bd96232cd8d8c40e8f9765cc86f46880e43a8fd22dc1a1a8cab1", size = 87528, upload-time = "2023-06-03T06:41:11.019Z" },
]

[[package]]
name = "mdurl"
version = "0.1.2"
source = { registry = "https://pypi.org/simple" }
sdist = { url = "https://files.pythonhosted.org/packages/d6/54/cfe61301667036ec958cb99bd3efefba235e65cdeb9c84d24a8293ba1d90/mdurl-0.1.2.tar.gz", hash = "sha256:bb413d29f5eea38f31dd4754dd7377d4465116fb207585f97bf925588687c1ba", size = 8729, upload-time = "2022-08-14T12:40:10.846Z" }
wheels = [
    { url = "https://files.pythonhosted.org/packages/b3/38/89ba8ad64ae25be8de66a6d463314cf1eb366222074cfda9ee839c56a4b4/mdurl-0.1.2-py3-none-any.whl", hash = "sha256:84008a41e51615a49fc9966191ff91509e3c40b939176e643fd50a5c2196b8f8", size = 9979, upload-time = "2022-08-14T12:40:09.779Z" },
]

[[package]]
name = "msgspec"
version = "0.20.0"
source = { registry = "https://pypi.org/simple" }
sdist = { url = "https://files.pythonhosted.org/packages/ea/9c/bfbd12955a49180cbd234c5d29ec6f74fe641698f0cd9df154a854fc8a15/msgspec-0.20.0.tar.gz", hash = "sha256:692349e588fde322875f8d3025ac01689fead5901e7fb18d6870a44519d62a29", size = 317862, upload-time = "2025-11-24T03:56:28.934Z" }
wheels = [
    { url = "https://files.pythonhosted.org/packages/8a/d1/b902d38b6e5ba3bdddbec469bba388d647f960aeed7b5b3623a8debe8a76/msgspec-0.20.0-cp313-cp313-macosx_10_13_x86_64.whl", hash = "sha256:9c1ff8db03be7598b50dd4b4a478d6fe93faae3bd54f4f17aa004d0e46c14c46", size = 196463, upload-time = "2025-11-24T03:55:43.405Z" },
    { url = "https://files.pythonhosted.org/packages/57/b6/eff0305961a1d9447ec2b02f8c73c8946f22564d302a504185b730c9a761/msgspec-0.20.0-cp313-cp313-macosx_11_0_arm64.whl", hash = "sha256:f6532369ece217fd37c5ebcfd7e981f2615628c21121b7b2df9d3adcf2fd69b8", size = 188650, upload-time = "2025-11-24T03:55:44.761Z" },
    { url = "https://files.pythonhosted.org/packages/99/93/f2ec1ae1de51d3fdee998a1ede6b2c089453a2ee82b5c1b361ed9095064a/msgspec-0.20.0-cp313-cp313-manylinux2014_aarch64.manylinux_2_17_aarch64.manylinux_2_28_aarch64.whl", hash = "sha256:f9a1697da2f85a751ac3cc6a97fceb8e937fc670947183fb2268edaf4016d1ee", size = 218834, upload-time = "2025-11-24T03:55:46.441Z" },
    { url = "https://files.pythonhosted.org/packages/28/83/36557b04cfdc317ed8a525c4993b23e43a8fbcddaddd78619112ca07138c/msgspec-0.20.0-cp313-cp313-manylinux2014_x86_64.manylinux_2_17_x86_64.manylinux_2_28_x86_64.whl", hash = "sha256:7fac7e9c92eddcd24c19d9e5f6249760941485dff97802461ae7c995a2450111", size = 224917, upload-time = "2025-11-24T03:55:48.06Z" },
    { url = "https://files.pythonhosted.org/packages/8f/56/362037a1ed5be0b88aced59272442c4b40065c659700f4b195a7f4d0ac88/msgspec-0.20.0-cp313-cp313-musllinux_1_2_aarch64.whl", hash = "sha256:f953a66f2a3eb8d5ea64768445e2bb301d97609db052628c3e1bcb7d87192a9f", size = 222821, upload-time = "2025-11-24T03:55:49.388Z" },
    { url = "https://files.pythonhosted.org/packages/92/75/fa2370ec341cedf663731ab7042e177b3742645c5dd4f64dc96bd9f18a6b/msgspec-0.20.0-cp313-cp313-musllinux_1_2_x86_64.whl", hash = "sha256:247af0313ae64a066d3aea7ba98840f6681ccbf5c90ba9c7d17f3e39dbba679c", size = 227227, upload-time = "2025-11-24T03:55:51.125Z" },
    { url = "https://files.pythonhosted.org/packages/f1/25/5e8080fe0117f799b1b68008dc29a65862077296b92550632de015128579/msgspec-0.20.0-cp313-cp313-win_amd64.whl", hash = "sha256:67d5e4dfad52832017018d30a462604c80561aa62a9d548fc2bd4e430b66a352", size = 189966, upload-time = "2025-11-24T03:55:52.458Z" },
    { url = "https://files.pythonhosted.org/packages/79/b6/63363422153937d40e1cb349c5081338401f8529a5a4e216865decd981bf/msgspec-0.20.0-cp313-cp313-win_arm64.whl", hash = "sha256:91a52578226708b63a9a13de287b1ec3ed1123e4a088b198143860c087770458", size = 175378, upload-time = "2025-11-24T03:55:53.721Z" },
    { url = "https://files.pythonhosted.org/packages/bb/18/62dc13ab0260c7d741dda8dc7f481495b93ac9168cd887dda5929880eef8/msgspec-0.20.0-cp314-cp314-macosx_10_15_x86_64.whl", hash = "sha256:eead16538db1b3f7ec6e3ed1f6f7c5dec67e90f76e76b610e1ffb5671815633a", size = 196407, upload-time = "2025-11-24T03:55:55.001Z" },
    { url = "https://files.pythonhosted.org/packages/dd/1d/b9949e4ad6953e9f9a142c7997b2f7390c81e03e93570c7c33caf65d27e1/msgspec-0.20.0-cp314-cp314-macosx_11_0_arm64.whl", hash = "sha256:703c3bb47bf47801627fb1438f106adbfa2998fe586696d1324586a375fca238", size = 188889, upload-time = "2025-11-24T03:55:56.311Z" },
    { url = "https://files.pythonhosted.org/packages/1e/19/f8bb2dc0f1bfe46cc7d2b6b61c5e9b5a46c62298e8f4d03bbe499c926180/msgspec-0.20.0-cp314-cp314-manylinux2014_aarch64.manylinux_2_17_aarch64.manylinux_2_28_aarch64.whl", hash = "sha256:6cdb227dc585fb109305cee0fd304c2896f02af93ecf50a9c84ee54ee67dbb42", size = 219691, upload-time = "2025-11-24T03:55:57.908Z" },
    { url = "https://files.pythonhosted.org/packages/b8/8e/6b17e43f6eb9369d9858ee32c97959fcd515628a1df376af96c11606cf70/msgspec-0.20.0-cp314-cp314-manylinux2014_x86_64.manylinux_2_17_x86_64.manylinux_2_28_x86_64.whl", hash = "sha256:27d35044dd8818ac1bd0fedb2feb4fbdff4e3508dd7c5d14316a12a2d96a0de0", size = 224918, upload-time = "2025-11-24T03:55:59.322Z" },
    { url = "https://files.pythonhosted.org/packages/1c/db/0e833a177db1a4484797adba7f429d4242585980b90882cc38709e1b62df/msgspec-0.20.0-cp314-cp314-musllinux_1_2_aarch64.whl", hash = "sha256:b4296393a29ee42dd25947981c65506fd4ad39beaf816f614146fa0c5a6c91ae", size = 223436, upload-time = "2025-11-24T03:56:00.716Z" },
    { url = "https://files.pythonhosted.org/packages/c3/30/d2ee787f4c918fd2b123441d49a7707ae9015e0e8e1ab51aa7967a97b90e/msgspec-0.20.0-cp314-cp314-musllinux_1_2_x86_64.whl", hash = "sha256:205fbdadd0d8d861d71c8f3399fe1a82a2caf4467bc8ff9a626df34c12176980", size = 227190, upload-time = "2025-11-24T03:56:02.371Z" },
    { url = "https://files.pythonhosted.org/packages/ff/37/9c4b58ff11d890d788e700b827db2366f4d11b3313bf136780da7017278b/msgspec-0.20.0-cp314-cp314-win_amd64.whl", hash = "sha256:7dfebc94fe7d3feec6bc6c9df4f7e9eccc1160bb5b811fbf3e3a56899e398a6b", size = 193950, upload-time = "2025-11-24T03:56:03.668Z" },
    { url = "https://files.pythonhosted.org/packages/e9/4e/cab707bf2fa57408e2934e5197fc3560079db34a1e3cd2675ff2e47e07de/msgspec-0.20.0-cp314-cp314-win_arm64.whl", hash = "sha256:2ad6ae36e4a602b24b4bf4eaf8ab5a441fec03e1f1b5931beca8ebda68f53fc0", size = 179018, upload-time = "2025-11-24T03:56:05.038Z" },
    { url = "https://files.pythonhosted.org/packages/4c/06/3da3fc9aaa55618a8f43eb9052453cfe01f82930bca3af8cea63a89f3a11/msgspec-0.20.0-cp314-cp314t-macosx_10_15_x86_64.whl", hash = "sha256:f84703e0e6ef025663dd1de828ca028774797b8155e070e795c548f76dde65d5", size = 200389, upload-time = "2025-11-24T03:56:06.375Z" },
    { url = "https://files.pythonhosted.org/packages/83/3b/cc4270a5ceab40dfe1d1745856951b0a24fd16ac8539a66ed3004a60c91e/msgspec-0.20.0-cp314-cp314t-macosx_11_0_arm64.whl", hash = "sha256:7c83fc24dd09cf1275934ff300e3951b3adc5573f0657a643515cc16c7dee131", size = 193198, upload-time = "2025-11-24T03:56:07.742Z" },
    { url = "https://files.pythonhosted.org/packages/cd/ae/4c7905ac53830c8e3c06fdd60e3cdcfedc0bbc993872d1549b84ea21a1bd/msgspec-0.20.0-cp314-cp314t-manylinux2014_aarch64.manylinux_2_17_aarch64.manylinux_2_28_aarch64.whl", hash = "sha256:5f13ccb1c335a124e80c4562573b9b90f01ea9521a1a87f7576c2e281d547f56", size = 225973, upload-time = "2025-11-24T03:56:09.18Z" },
    { url = "https://files.pythonhosted.org/packages/d9/da/032abac1de4d0678d99eaeadb1323bd9d247f4711c012404ba77ed6f15ca/msgspec-0.20.0-cp314-cp314t-manylinux2014_x86_64.manylinux_2_17_x86_64.manylinux_2_28_x86_64.whl", hash = "sha256:17c2b5ca19f19306fc83c96d85e606d2cc107e0caeea85066b5389f664e04846", size = 229509, upload-time = "2025-11-24T03:56:10.898Z" },
    { url = "https://files.pythonhosted.org/packages/69/52/fdc7bdb7057a166f309e0b44929e584319e625aaba4771b60912a9321ccd/msgspec-0.20.0-cp314-cp314t-musllinux_1_2_aarch64.whl", hash = "sha256:d931709355edabf66c2dd1a756b2d658593e79882bc81aae5964969d5a291b63", size = 230434, upload-time = "2025-11-24T03:56:12.48Z" },
    { url = "https://files.pythonhosted.org/packages/cb/fe/1dfd5f512b26b53043884e4f34710c73e294e7cc54278c3fe28380e42c37/msgspec-0.20.0-cp314-cp314t-musllinux_1_2_x86_64.whl", hash = "sha256:565f915d2e540e8a0c93a01ff67f50aebe1f7e22798c6a25873f9fda8d1325f8", size = 231758, upload-time = "2025-11-24T03:56:13.765Z" },
    { url = "https://files.pythonhosted.org/packages/97/f6/9ba7121b8e0c4e0beee49575d1dbc804e2e72467692f0428cf39ceba1ea5/msgspec-0.20.0-cp314-cp314t-win_amd64.whl", hash = "sha256:726f3e6c3c323f283f6021ebb6c8ccf58d7cd7baa67b93d73bfbe9a15c34ab8d", size = 206540, upload-time = "2025-11-24T03:56:15.029Z" },
    { url = "https://files.pythonhosted.org/packages/c8/3e/c5187de84bb2c2ca334ab163fcacf19a23ebb1d876c837f81a1b324a15bf/msgspec-0.20.0-cp314-cp314t-win_arm64.whl", hash = "sha256:93f23528edc51d9f686808a361728e903d6f2be55c901d6f5c92e44c6d546bfc", size = 183011, upload-time = "2025-11-24T03:56:16.442Z" },
]

[[package]]
name = "pygments"
version = "2.19.1"
source = { registry = "https://pypi.org/simple" }
sdist = { url = "https://files.pythonhosted.org/packages/7c/2d/c3338d48ea6cc0feb8446d8e6937e1408088a72a39937982cc6111d17f84/pygments-2.19.1.tar.gz", hash = "sha256:61c16d2a8576dc0649d9f39e089b5f02bcd27fba10d8fb4dcc28173f7a45151f", size = 4968581, upload-time = "2025-01-06T17:26:30.443Z" }
wheels = [
    { url = "https://files.pythonhosted.org/packages/8a/0b/9fcc47d19c48b59121088dd6da2488a49d5f72dacf8262e2790a1d2c7d15/pygments-2.19.1-py3-none-any.whl", hash = "sha256:9ea1544ad55cecf4b8242fab6dd35a93bbce657034b0611ee383099054ab6d8c", size = 1225293, upload-time = "2025-01-06T17:26:25.553Z" },
]

[[package]]
name = "pyobjc-core"
version = "10.3.2"
source = { registry = "https://pypi.org/simple" }
sdist = { url = "https://files.pythonhosted.org/packages/5d/07/2b3d63c0349fe4cf34d787a52a22faa156225808db2d1531fe58fabd779d/pyobjc_core-10.3.2.tar.gz", hash = "sha256:dbf1475d864ce594288ce03e94e3a98dc7f0e4639971eb1e312bdf6661c21e0e", size = 935182, upload-time = "2024-11-30T15:24:44.294Z" }
wheels = [
    { url = "https://files.pythonhosted.org/packages/08/27/e7b8240c116cd8231ac33daaf982e36f77be33cf5448bbc568ce17371a79/pyobjc_core-10.3.2-cp313-cp313-macosx_10_13_universal2.whl", hash = "sha256:76b8b911d94501dac89821df349b1860bb770dce102a1a293f524b5b09dd9462", size = 827885, upload-time = "2024-11-30T12:50:41.942Z" },
    { url = "https://files.pythonhosted.org/packages/de/a3/897cc31fca822a4df4ece31e4369dd9eae35bcb0b535fc9c7c21924268ba/pyobjc_core-10.3.2-cp313-cp313t-macosx_10_13_universal2.whl", hash = "sha256:8c6288fdb210b64115760a4504efbc4daffdc390d309e9318eb0e3e3b78d2828", size = 837794, upload-time = "2024-11-30T12:51:05.748Z" },
]

[[package]]
name = "pyobjc-framework-cocoa"
version = "10.3.2"
source = { registry = "https://pypi.org/simple" }
dependencies = [
    { name = "pyobjc-core" },
]
sdist = { url = "https://files.pythonhosted.org/packages/39/41/4f09a5e9a6769b4dafb293ea597ed693cc0def0e07867ad0a42664f530b6/pyobjc_framework_cocoa-10.3.2.tar.gz", hash = "sha256:673968e5435845bef969bfe374f31a1a6dc660c98608d2b84d5cae6eafa5c39d", size = 4942530, upload-time = "2024-11-30T15:30:27.244Z" }
wheels = [
    { url = "https://files.pythonhosted.org/packages/4e/c4/bccb4c05422170c0afccf6ebbdcc7551f7ddd03d2f7a65498d02cb179993/pyobjc_framework_Cocoa-10.3.2-cp313-cp313-macosx_10_13_universal2.whl", hash = "sha256:f1161b5713f9b9934c12649d73a6749617172e240f9431eff9e22175262fdfda", size = 381878, upload-time = "2024-11-30T13:18:26.24Z" },
    { url = "https://files.pythonhosted.org/packages/25/ec/68657a633512edb84ecb1ff47a067a81028d6f027aa923e806400d2f8a26/pyobjc_framework_Cocoa-10.3.2-cp313-cp313t-macosx_10_13_universal2.whl", hash = "sha256:08e48b9ee4eb393447b2b781d16663b954bd10a26927df74f92e924c05568d89", size = 384925, upload-time = "2024-11-30T13:18:28.171Z" },
]

[[package]]
name = "pyobjc-framework-corebluetooth"
version = "10.3.2"
source = { registry = "https://pypi.org/simple" }
dependencies = [
    { name = "pyobjc-core" },
    { name = "pyobjc-framework-cocoa" },
]
sdist = { url = "https://files.pythonhosted.org/packages/13/ca/35d205c3e153e7bc59a417560a45e27a2410439e6f78390f97c1a996c922/pyobjc_framework_corebluetooth-10.3.2.tar.gz", hash = "sha256:c0a077bc3a2466271efa382c1e024630bc43cc6f9ab8f3f97431ad08b1ad52bb", size = 50622, upload-time = "2024-11-30T15:32:18.741Z" }
wheels = [
    { url = "https://files.pythonhosted.org/packages/b8/74/9bfaa9af79d9ff51489c796775fe5715d67adae06b612f3ee776017bb24b/pyobjc_framework_CoreBluetooth-10.3.2-cp313-cp313t-macosx_10_13_universal2.whl", hash = "sha256:af3e2f935a6a7e5b009b4cf63c64899592a7b46c3ddcbc8f2e28848842ef65f4", size = 14095, upload-time = "2024-11-30T13:26:56.735Z" },
    { url = "https://files.pythonhosted.org/packages/f7/b0/9006d9d6cc5780fc190629ff42d8825fe7737dbe2077fbaae38813f0242e/pyobjc_framework_CoreBluetooth-10.3.2-cp36-abi3-macosx_10_13_universal2.whl", hash = "sha256:973b78f47c7e2209a475e60bcc7d1b4a87be6645d39b4e8290ee82640e1cc364", size = 13891, upload-time = "2024-11-30T13:26:57.745Z" },
    { url = "https://files.pythonhosted.org/packages/02/dd/b415258a86495c23962005bab11604562828dd183a009d04a82bc1f3a816/pyobjc_framework_CoreBluetooth-10.3.2-cp36-abi3-macosx_10_9_universal2.whl", hash = "sha256:4bafdf1be15eae48a4878dbbf1bf19877ce28cbbba5baa0267a9564719ee736e", size = 13843, upload-time = "2024-11-30T13:26:59.305Z" },
    { url = "https://files.pythonhosted.org/packages/c4/7d/d8a340f3ca0862969a02c6fe053902388e45966040b41d7e023b9dcf97c8/pyobjc_framework_CoreBluetooth-10.3.2-cp36-abi3-macosx_10_9_x86_64.whl", hash = "sha256:4d7dc7494de66c850bda7b173579df7481dc97046fa229d480fe9bf90b2b9651", size = 10082, upload-time = "2024-11-30T13:27:00.785Z" },
    { url = "https://files.pythonhosted.org/packages/e9/10/d9554ce442269a3c25d9bed9d8a5ffdc1fb5ab71b74bc52749a5f26a96c7/pyobjc_framework_CoreBluetooth-10.3.2-cp36-abi3-macosx_11_0_universal2.whl", hash = "sha256:62e09e730f4d98384f1b6d44718812195602b3c82d5c78e09f60e8a934e7b266", size = 13815, upload-time = "2024-11-30T13:27:01.628Z" },
]

[[package]]
name = "pyobjc-framework-libdispatch"
version = "10.3.2"
source = { registry = "https://pypi.org/simple" }
dependencies = [
    { name = "pyobjc-core" },
    { name = "pyobjc-framework-cocoa" },
]
sdist = { url = "https://files.pythonhosted.org/packages/4d/12/a908f3f94952c8c9e3d6e6bd425613a79692e7d400557ede047992439edc/pyobjc_framework_libdispatch-10.3.2.tar.gz", hash = "sha256:e9f4311fbf8df602852557a98d2a64f37a9d363acf4d75634120251bbc7b7304", size = 45132, upload-time = "2024-11-30T17:09:47.135Z" }
wheels = [
    { url = "https://files.pythonhosted.org/packages/86/cc/ff00f7d2e1774e8bbab4da59793f094bdf97c9f0d178f6ace29a89413082/pyobjc_framework_libdispatch-10.3.2-cp313-cp313-macosx_10_13_universal2.whl", hash = "sha256:1357729d5fded08fbf746834ebeef27bee07d6acb991f3b8366e8f4319d882c4", size = 15576, upload-time = "2024-11-30T15:22:01.505Z" },
    { url = "https://files.pythonhosted.org/packages/6b/27/530cd12bdc16938a85436ac5a81dccd85b35bac5e42144e623b69b052b76/pyobjc_framework_libdispatch-10.3.2-cp313-cp313t-macosx_10_13_universal2.whl", hash = "sha256:210398f9e1815ceeff49b578bf51c2d6a4a30d4c33f573da322f3d7da1add121", size = 15854, upload-time = "2024-11-30T15:22:02.457Z" },
]

[[package]]
name = "python-dateutil"
version = "2.9.0.post0"
source = { registry = "https://pypi.org/simple" }
dependencies = [
    { name = "six" },
]
sdist = { url = "https://files.pythonhosted.org/packages/66/c0/0c8b6ad9f17a802ee498c46e004a0eb49bc148f2fd230864601a86dcf6db/python-dateutil-2.9.0.post0.tar.gz", hash = "sha256:37dd54208da7e1cd875388217d5e00ebd4179249f90fb72437e91a35459a0ad3", size = 342432, upload-time = "2024-03-01T18:36:20.211Z" }
wheels = [
    { url = "https://files.pythonhosted.org/packages/ec/57/56b9bcc3c9c6a792fcbaf139543cee77261f3651ca9da0c93f5c1221264b/python_dateutil-2.9.0.post0-py2.py3-none-any.whl", hash = "sha256:a8b2bc7bffae282281c8140a97d3aa9c14da0b136dfe83f850eea9a5f7470427", size = 229892, upload-time = "2024-03-01T18:36:18.57Z" },
]

[[package]]
name = "reactivex"
version = "4.0.4"
source = { registry = "https://pypi.org/simple" }
dependencies = [
    { name = "typing-extensions" },
]
sdist = { url = "https://files.pythonhosted.org/packages/ef/63/f776322df4d7b456446eff78c4e64f14c3c26d57d46b4e06c18807d5d99c/reactivex-4.0.4.tar.gz", hash = "sha256:e912e6591022ab9176df8348a653fe8c8fa7a301f26f9931c9d8c78a650e04e8", size = 119177, upload-time = "2022-07-16T07:11:53.689Z" }
wheels = [
    { url = "https://files.pythonhosted.org/packages/69/3f/2ed8c1b8fe3fc2ed816ba40554ef703aad8c51700e2606c139fcf9b7f791/reactivex-4.0.4-py3-none-any.whl", hash = "sha256:0004796c420bd9e68aad8e65627d85a8e13f293de76656165dffbcb3a0e3fb6a", size = 217791, upload-time = "2022-07-16T07:11:52.061Z" },
]

[[package]]
name = "rich"
version = "14.0.0"
source = { registry = "https://pypi.org/simple" }
dependencies = [
    { name = "markdown-it-py" },
    { name = "pygments" },
]
sdist = { url = "https://files.pythonhosted.org/packages/a1/53/830aa4c3066a8ab0ae9a9955976fb770fe9c6102117c8ec4ab3ea62d89e8/rich-14.0.0.tar.gz", hash = "sha256:82f1bc23a6a21ebca4ae0c45af9bdbc492ed20231dcb63f297d6d1021a9d5725", size = 224078, upload-time = "2025-03-30T14:15:14.23Z" }
wheels = [
    { url = "https://files.pythonhosted.org/packages/0d/9b/63f4c7ebc259242c89b3acafdb37b41d1185c07ff0011164674e9076b491/rich-14.0.0-py3-none-any.whl", hash = "sha256:1c9491e1951aac09caffd42f448ee3d04e58923ffe14993f6e83068dc395d7e0", size = 243229, upload-time = "2025-03-30T14:15:12.283Z" },
]

[[package]]
name = "ruff"
version = "0.14.6"
source = { registry = "https://pypi.org/simple" }
sdist = { url = "https://files.pythonhosted.org/packages/52/f0/62b5a1a723fe183650109407fa56abb433b00aa1c0b9ba555f9c4efec2c6/ruff-0.14.6.tar.gz", hash = "sha256:6f0c742ca6a7783a736b867a263b9a7a80a45ce9bee391eeda296895f1b4e1cc", size = 5669501, upload-time = "2025-11-21T14:26:17.903Z" }
wheels = [
    { url = "https://files.pythonhosted.org/packages/67/d2/7dd544116d107fffb24a0064d41a5d2ed1c9d6372d142f9ba108c8e39207/ruff-0.14.6-py3-none-linux_armv6l.whl", hash = "sha256:d724ac2f1c240dbd01a2ae98db5d1d9a5e1d9e96eba999d1c48e30062df578a3", size = 13326119, upload-time = "2025-11-21T14:25:24.2Z" },
    { url = "https://files.pythonhosted.org/packages/36/6a/ad66d0a3315d6327ed6b01f759d83df3c4d5f86c30462121024361137b6a/ruff-0.14.6-py3-none-macosx_10_12_x86_64.whl", hash = "sha256:9f7539ea257aa4d07b7ce87aed580e485c40143f2473ff2f2b75aee003186004", size = 13526007, upload-time = "2025-11-21T14:25:26.906Z" },
    { url = "https://files.pythonhosted.org/packages/a3/9d/dae6db96df28e0a15dea8e986ee393af70fc97fd57669808728080529c37/ruff-0.14.6-py3-none-macosx_11_0_arm64.whl", hash = "sha256:7f6007e55b90a2a7e93083ba48a9f23c3158c433591c33ee2e99a49b889c6332", size = 12676572, upload-time = "2025-11-21T14:25:29.826Z" },
    { url = "https://files.pythonhosted.org/packages/76/a4/f319e87759949062cfee1b26245048e92e2acce900ad3a909285f9db1859/ruff-0.14.6-py3-none-manylinux_2_17_aarch64.manylinux2014_aarch64.whl", hash = "sha256:0a8e7b9d73d8728b68f632aa8e824ef041d068d231d8dbc7808532d3629a6bef", size = 13140745, upload-time = "2025-11-21T14:25:32.788Z" },
    { url = "https://files.pythonhosted.org/packages/95/d3/248c1efc71a0a8ed4e8e10b4b2266845d7dfc7a0ab64354afe049eaa1310/ruff-0.14.6-py3-none-manylinux_2_17_armv7l.manylinux2014_armv7l.whl", hash = "sha256:d50d45d4553a3ebcbd33e7c5e0fe6ca4aafd9a9122492de357205c2c48f00775", size = 13076486, upload-time = "2025-11-21T14:25:35.601Z" },
    { url = "https://files.pythonhosted.org/packages/a5/19/b68d4563fe50eba4b8c92aa842149bb56dd24d198389c0ed12e7faff4f7d/ruff-0.14.6-py3-none-manylinux_2_17_i686.manylinux2014_i686.whl", hash = "sha256:118548dd121f8a21bfa8ab2c5b80e5b4aed67ead4b7567790962554f38e598ce", size = 13727563, upload-time = "2025-11-21T14:25:38.514Z" },
    { url = "https://files.pythonhosted.org/packages/47/ac/943169436832d4b0e867235abbdb57ce3a82367b47e0280fa7b4eabb7593/ruff-0.14.6-py3-none-manylinux_2_17_ppc64.manylinux2014_ppc64.whl", hash = "sha256:57256efafbfefcb8748df9d1d766062f62b20150691021f8ab79e2d919f7c11f", size = 15199755, upload-time = "2025-11-21T14:25:41.516Z" },
    { url = "https://files.pythonhosted.org/packages/c9/b9/288bb2399860a36d4bb0541cb66cce3c0f4156aaff009dc8499be0c24bf2/ruff-0.14.6-py3-none-manylinux_2_17_ppc64le.manylinux2014_ppc64le.whl", hash = "sha256:ff18134841e5c68f8e5df1999a64429a02d5549036b394fafbe410f886e1989d", size = 14850608, upload-time = "2025-11-21T14:25:44.428Z" },
    { url = "https://files.pythonhosted.org/packages/ee/b1/a0d549dd4364e240f37e7d2907e97ee80587480d98c7799d2d8dc7a2f605/ruff-0.14.6-py3-none-manylinux_2_17_s390x.manylinux2014_s390x.whl", hash = "sha256:29c4b7ec1e66a105d5c27bd57fa93203637d66a26d10ca9809dc7fc18ec58440", size = 14118754, upload-time = "2025-11-21T14:25:47.214Z" },
    { url = "https://files.pythonhosted.org/packages/13/ac/9b9fe63716af8bdfddfacd0882bc1586f29985d3b988b3c62ddce2e202c3/ruff-0.14.6-py3-none-manylinux_2_17_x86_64.manylinux2014_x86_64.whl", hash = "sha256:167843a6f78680746d7e226f255d920aeed5e4ad9c03258094a2d49d3028b105", size = 13949214, upload-time = "2025-11-21T14:25:50.002Z" },
    { url = "https://files.pythonhosted.org/packages/12/27/4dad6c6a77fede9560b7df6802b1b697e97e49ceabe1f12baf3ea20862e9/ruff-0.14.6-py3-none-manylinux_2_31_riscv64.whl", hash = "sha256:16a33af621c9c523b1ae006b1b99b159bf5ac7e4b1f20b85b2572455018e0821", size = 14106112, upload-time = "2025-11-21T14:25:52.841Z" },
    { url = "https://files.pythonhosted.org/packages/6a/db/23e322d7177873eaedea59a7932ca5084ec5b7e20cb30f341ab594130a71/ruff-0.14.6-py3-none-musllinux_1_2_aarch64.whl", hash = "sha256:1432ab6e1ae2dc565a7eea707d3b03a0c234ef401482a6f1621bc1f427c2ff55", size = 13035010, upload-time = "2025-11-21T14:25:55.536Z" },
    { url = "https://files.pythonhosted.org/packages/a8/9c/20e21d4d69dbb35e6a1df7691e02f363423658a20a2afacf2a2c011800dc/ruff-0.14.6-py3-none-musllinux_1_2_armv7l.whl", hash = "sha256:4c55cfbbe7abb61eb914bfd20683d14cdfb38a6d56c6c66efa55ec6570ee4e71", size = 13054082, upload-time = "2025-11-21T14:25:58.625Z" },
    { url = "https://files.pythonhosted.org/packages/66/25/906ee6a0464c3125c8d673c589771a974965c2be1a1e28b5c3b96cb6ef88/ruff-0.14.6-py3-none-musllinux_1_2_i686.whl", hash = "sha256:efea3c0f21901a685fff4befda6d61a1bf4cb43de16da87e8226a281d614350b", size = 13303354, upload-time = "2025-11-21T14:26:01.816Z" },
    { url = "https://files.pythonhosted.org/packages/4c/58/60577569e198d56922b7ead07b465f559002b7b11d53f40937e95067ca1c/ruff-0.14.6-py3-none-musllinux_1_2_x86_64.whl", hash = "sha256:344d97172576d75dc6afc0e9243376dbe1668559c72de1864439c4fc95f78185", size = 14054487, upload-time = "2025-11-21T14:26:05.058Z" },
    { url = "https://files.pythonhosted.org/packages/67/0b/8e4e0639e4cc12547f41cb771b0b44ec8225b6b6a93393176d75fe6f7d40/ruff-0.14.6-py3-none-win32.whl", hash = "sha256:00169c0c8b85396516fdd9ce3446c7ca20c2a8f90a77aa945ba6b8f2bfe99e85", size = 13013361, upload-time = "2025-11-21T14:26:08.152Z" },
    { url = "https://files.pythonhosted.org/packages/fb/02/82240553b77fd1341f80ebb3eaae43ba011c7a91b4224a9f317d8e6591af/ruff-0.14.6-py3-none-win_amd64.whl", hash = "sha256:390e6480c5e3659f8a4c8d6a0373027820419ac14fa0d2713bd8e6c3e125b8b9", size = 14432087, upload-time = "2025-11-21T14:26:10.891Z" },
    { url = "https://files.pythonhosted.org/packages/a5/1f/93f9b0fad9470e4c829a5bb678da4012f0c710d09331b860ee555216f4ea/ruff-0.14.6-py3-none-win_arm64.whl", hash = "sha256:d43c81fbeae52cfa8728d8766bbf46ee4298c888072105815b392da70ca836b2", size = 13520930, upload-time = "2025-11-21T14:26:13.951Z" },
]

[[package]]
name = "setuptools"
version = "80.8.0"
source = { registry = "https://pypi.org/simple" }
sdist = { url = "https://files.pythonhosted.org/packages/8d/d2/ec1acaaff45caed5c2dedb33b67055ba9d4e96b091094df90762e60135fe/setuptools-80.8.0.tar.gz", hash = "sha256:49f7af965996f26d43c8ae34539c8d99c5042fbff34302ea151eaa9c207cd257", size = 1319720, upload-time = "2025-05-20T14:02:53.503Z" }
wheels = [
    { url = "https://files.pythonhosted.org/packages/58/29/93c53c098d301132196c3238c312825324740851d77a8500a2462c0fd888/setuptools-80.8.0-py3-none-any.whl", hash = "sha256:95a60484590d24103af13b686121328cc2736bee85de8936383111e421b9edc0", size = 1201470, upload-time = "2025-05-20T14:02:51.348Z" },
]

[[package]]
name = "shellingham"
version = "1.5.4"
source = { registry = "https://pypi.org/simple" }
sdist = { url = "https://files.pythonhosted.org/packages/58/15/8b3609fd3830ef7b27b655beb4b4e9c62313a4e8da8c676e142cc210d58e/shellingham-1.5.4.tar.gz", hash = "sha256:8dbca0739d487e5bd35ab3ca4b36e11c4078f3a234bfce294b0a0291363404de", size = 10310, upload-time = "2023-10-24T04:13:40.426Z" }
wheels = [
    { url = "https://files.pythonhosted.org/packages/e0/f9/0595336914c5619e5f28a1fb793285925a8cd4b432c9da0a987836c7f822/shellingham-1.5.4-py2.py3-none-any.whl", hash = "sha256:7ecfff8f2fd72616f7481040475a65b2bf8af90a56c89140852d1120324e8686", size = 9755, upload-time = "2023-10-24T04:13:38.866Z" },
]

[[package]]
name = "six"
version = "1.17.0"
source = { registry = "https://pypi.org/simple" }
sdist = { url = "https://files.pythonhosted.org/packages/94/e7/b2c673351809dca68a0e064b6af791aa332cf192da575fd474ed7d6f16a2/six-1.17.0.tar.gz", hash = "sha256:ff70335d468e7eb6ec65b95b99d3a2836546063f63acc5171de367e834932a81", size = 34031, upload-time = "2024-12-04T17:35:28.174Z" }
wheels = [
    { url = "https://files.pythonhosted.org/packages/b7/ce/149a00dd41f10bc29e5921b496af8b574d8413afcd5e30dfa0ed46c2cc5e/six-1.17.0-py2.py3-none-any.whl", hash = "sha256:4721f391ed90541fddacab5acf947aa0d3dc7d27b2e1e8eda2be8970586c3274", size = 11050, upload-time = "2024-12-04T17:35:26.475Z" },
]

[[package]]
name = "typer"
version = "0.15.4"
source = { registry = "https://pypi.org/simple" }
dependencies = [
    { name = "click" },
    { name = "rich" },
    { name = "shellingham" },
    { name = "typing-extensions" },
]
sdist = { url = "https://files.pythonhosted.org/packages/6c/89/c527e6c848739be8ceb5c44eb8208c52ea3515c6cf6406aa61932887bf58/typer-0.15.4.tar.gz", hash = "sha256:89507b104f9b6a0730354f27c39fae5b63ccd0c95b1ce1f1a6ba0cfd329997c3", size = 101559, upload-time = "2025-05-14T16:34:57.704Z" }
wheels = [
    { url = "https://files.pythonhosted.org/packages/c9/62/d4ba7afe2096d5659ec3db8b15d8665bdcb92a3c6ff0b95e99895b335a9c/typer-0.15.4-py3-none-any.whl", hash = "sha256:eb0651654dcdea706780c466cf06d8f174405a659ffff8f163cfbfee98c0e173", size = 45258, upload-time = "2025-05-14T16:34:55.583Z" },
]

[[package]]
name = "typing-extensions"
version = "4.13.2"
source = { registry = "https://pypi.org/simple" }
sdist = { url = "https://files.pythonhosted.org/packages/f6/37/23083fcd6e35492953e8d2aaaa68b860eb422b34627b13f2ce3eb6106061/typing_extensions-4.13.2.tar.gz", hash = "sha256:e6c81219bd689f51865d9e372991c540bda33a0379d5573cddb9a3a23f7caaef", size = 106967, upload-time = "2025-04-10T14:19:05.416Z" }
wheels = [
    { url = "https://files.pythonhosted.org/packages/8b/54/b1ae86c0973cc6f0210b53d508ca3641fb6d0c56823f288d108bc7ab3cc8/typing_extensions-4.13.2-py3-none-any.whl", hash = "sha256:a439e7c04b49fec3e5d3e2beaa21755cadbbdc391694e28ccdd36ca4a1408f8c", size = 45806, upload-time = "2025-04-10T14:19:03.967Z" },
]

[[package]]
name = "urllib3"
version = "2.4.0"
source = { registry = "https://pypi.org/simple" }
sdist = { url = "https://files.pythonhosted.org/packages/8a/78/16493d9c386d8e60e442a35feac5e00f0913c0f4b7c217c11e8ec2ff53e0/urllib3-2.4.0.tar.gz", hash = "sha256:414bc6535b787febd7567804cc015fee39daab8ad86268f1310a9250697de466", size = 390672, upload-time = "2025-04-10T15:23:39.232Z" }
wheels = [
    { url = "https://files.pythonhosted.org/packages/6b/11/cc635220681e93a0183390e26485430ca2c7b5f9d33b15c74c2861cb8091/urllib3-2.4.0-py3-none-any.whl", hash = "sha256:4e16665048960a0900c702d4a66415956a584919c03361cac9f1df5c5dd7e813", size = 128680, upload-time = "2025-04-10T15:23:37.377Z" },
]

[[package]]
name = "winrt-runtime"
version = "2.3.0"
source = { registry = "https://pypi.org/simple" }
sdist = { url = "https://files.pythonhosted.org/packages/ea/1e/20fd4bc1b42dca97ebde8bd5746084e538e2911feaad923370893091ac0f/winrt_runtime-2.3.0.tar.gz", hash = "sha256:bb895a2b8c74b375781302215e2661914369c625aa1f8df84f8d37691b22db77", size = 15503, upload-time = "2024-10-20T04:14:40.257Z" }
wheels = [
    { url = "https://files.pythonhosted.org/packages/08/c2/87551e0ec1796812396e1065e04cbf303557d8e4820c5eb53d707fa1ca62/winrt_runtime-2.3.0-cp313-cp313-win32.whl", hash = "sha256:77f06df6b7a6cb536913ae455e30c1733d31d88dafe2c3cd8c3d0e2bcf7e2a20", size = 183255, upload-time = "2024-10-20T04:13:34.687Z" },
    { url = "https://files.pythonhosted.org/packages/d5/12/cd01c5825affcace2590ab6b771baf17a5f1289939fd5cabd317be501eb2/winrt_runtime-2.3.0-cp313-cp313-win_amd64.whl", hash = "sha256:7388774b74ea2f4510ab3a98c95af296665ebe69d9d7e2fd7ee2c3fc5856099e", size = 213404, upload-time = "2024-10-20T04:13:35.864Z" },
    { url = "https://files.pythonhosted.org/packages/c2/52/4b5bb8f46703efe650a021240d94d80d75eea98b3a4f817640f73b93b1c8/winrt_runtime-2.3.0-cp313-cp313-win_arm64.whl", hash = "sha256:0d3a4ac7661cad492d51653054e63328b940a6083c1ee1dd977f90069cb8afaa", size = 390639, upload-time = "2024-10-20T04:13:37.705Z" },
]

[[package]]
name = "winrt-windows-devices-bluetooth"
version = "2.3.0"
source = { registry = "https://pypi.org/simple" }
dependencies = [
    { name = "winrt-runtime" },
]
sdist = { url = "https://files.pythonhosted.org/packages/c7/3a/64b2b8efe27fe4acb3a2da03a6687a2414d1c97465f212a3337415ca42ad/winrt_windows_devices_bluetooth-2.3.0.tar.gz", hash = "sha256:a1204b71c369a0399ec15d9a7b7c67990dd74504e486b839bf81825bd381a837", size = 21092, upload-time = "2024-10-20T04:15:34.033Z" }
wheels = [
    { url = "https://files.pythonhosted.org/packages/c6/dd/367a516ae820dcf398d7856dcde845ad604a689d4a67c0e97709e68f3757/winrt_Windows.Devices.Bluetooth-2.3.0-cp313-cp313-win32.whl", hash = "sha256:82f443be43379d4762e72633047c82843c873b6f26428a18855ca7b53e1958d7", size = 92448, upload-time = "2024-10-20T02:56:08.331Z" },
    { url = "https://files.pythonhosted.org/packages/08/43/03356e20aa78aabc3581f979c36c3fa513f706a28896e51f6508fa6ce08d/winrt_Windows.Devices.Bluetooth-2.3.0-cp313-cp313-win_amd64.whl", hash = "sha256:8b407da87ab52315c2d562a75d824dcafcae6e1628031cdb971072a47eb78ff0", size = 104502, upload-time = "2024-10-20T02:56:09.452Z" },
    { url = "https://files.pythonhosted.org/packages/31/f0/7eb956b2f3e7a8886d3f94a2d430e96091f4897bd38ba449c2c11fa84b06/winrt_Windows.Devices.Bluetooth-2.3.0-cp313-cp313-win_arm64.whl", hash = "sha256:e36d0b487bc5b64662b8470085edf8bfa5a220d7afc4f2e8d7faa3e3ac2bae80", size = 95208, upload-time = "2024-10-20T02:56:10.528Z" },
]

[[package]]
name = "winrt-windows-devices-bluetooth-advertisement"
version = "2.3.0"
source = { registry = "https://pypi.org/simple" }
dependencies = [
    { name = "winrt-runtime" },
]
sdist = { url = "https://files.pythonhosted.org/packages/b4/9f/0f7393800a7d5907f0935a8c088937ca0d3eb3f131d8173e81a94f6a76ed/winrt_windows_devices_bluetooth_advertisement-2.3.0.tar.gz", hash = "sha256:c8adbec690b765ca70337c35efec9910b0937a40a0a242184ea295367137f81c", size = 13686, upload-time = "2024-10-20T04:15:34.834Z" }
wheels = [
    { url = "https://files.pythonhosted.org/packages/68/84/3e596881e9cf42dc43d45d52e4ee90163b671030b89bee11485cfc3cf311/winrt_Windows.Devices.Bluetooth.Advertisement-2.3.0-cp313-cp313-win32.whl", hash = "sha256:ac1e55a350881f82cb51e162cb7a4b5d9359e9e5fbde922de802404a951d64ec", size = 76808, upload-time = "2024-10-20T02:56:26.091Z" },
    { url = "https://files.pythonhosted.org/packages/6f/07/2a9408efdc48e27bfae721d9413477fa893c73a6ddea9ee9a944150012f2/winrt_Windows.Devices.Bluetooth.Advertisement-2.3.0-cp313-cp313-win_amd64.whl", hash = "sha256:0fc339340fb8be21c1c829816a49dc31b986c6d602d113d4a49ee8ffaf0e2396", size = 83798, upload-time = "2024-10-20T02:56:27.066Z" },
    { url = "https://files.pythonhosted.org/packages/e5/01/aa3f75a1b18465522c7d679f840cefe487ed5e1064f8478f20451d2621f4/winrt_Windows.Devices.Bluetooth.Advertisement-2.3.0-cp313-cp313-win_arm64.whl", hash = "sha256:da63d9c56edcb3b2d5135e65cc8c9c4658344dd480a8a2daf45beb2106f17874", size = 78911, upload-time = "2024-10-20T02:56:28.04Z" },
]

[[package]]
name = "winrt-windows-devices-bluetooth-genericattributeprofile"
version = "2.3.0"
source = { registry = "https://pypi.org/simple" }
dependencies = [
    { name = "winrt-runtime" },
]
sdist = { url = "https://files.pythonhosted.org/packages/56/99/f1b517fc04244728eebf5f16c70d181ccc32e70e9a1655c7460ccd18755e/winrt_windows_devices_bluetooth_genericattributeprofile-2.3.0.tar.gz", hash = "sha256:f40f94bf2f7243848dc10e39cfde76c9044727a05e7e5dfb8cb7f062f3fd3dda", size = 33686, upload-time = "2024-10-20T04:15:36.29Z" }
wheels = [
    { url = "https://files.pythonhosted.org/packages/ff/84/5dcec574261d1594b821ed14f161788e87e8268ca9e974959a89726846c3/winrt_Windows.Devices.Bluetooth.GenericAttributeProfile-2.3.0-cp313-cp313-win32.whl", hash = "sha256:f414f793767ccc56d055b1c74830efb51fa4cbdc9163847b1a38b1ee35778f49", size = 160415, upload-time = "2024-10-20T02:56:57.583Z" },
    { url = "https://files.pythonhosted.org/packages/3c/0f/94019f58b293dcd2f5ea27cce710c55909b9c7b9f13664a6248b7369f201/winrt_Windows.Devices.Bluetooth.GenericAttributeProfile-2.3.0-cp313-cp313-win_amd64.whl", hash = "sha256:8ef35d9cda5bbdcc55aa7eaf143ab873227d6ee467aaf28edbd2428f229e7c94", size = 179634, upload-time = "2024-10-20T02:56:58.76Z" },
    { url = "https://files.pythonhosted.org/packages/c9/b1/d124bb30ff50de76e453beefabb75a7509c86054e00024e4163c3e1555db/winrt_Windows.Devices.Bluetooth.GenericAttributeProfile-2.3.0-cp313-cp313-win_arm64.whl", hash = "sha256:6a9e7308ba264175c2a9ee31f6cf1d647cb35ee9a1da7350793d8fe033a6b9b8", size = 166849, upload-time = "2024-10-20T02:56:59.883Z" },
]

[[package]]
name = "winrt-windows-devices-enumeration"
version = "2.3.0"
source = { registry = "https://pypi.org/simple" }
dependencies = [
    { name = "winrt-runtime" },
]
sdist = { url = "https://files.pythonhosted.org/packages/5f/74/aed7249ee138db3bc425913d3c0a0c7db42bdc97b0d2bf5da134cfc919cf/winrt_windows_devices_enumeration-2.3.0.tar.gz", hash = "sha256:a14078aac41432781acb0c950fcdcdeb096e2f80f7591a3d46435f30221fc3eb", size = 19943, upload-time = "2024-10-20T04:15:39.876Z" }
wheels = [
    { url = "https://files.pythonhosted.org/packages/ae/fa/3e654fba4c48fed2776ee023b690fe9eebf4e345a52f21a2358f30397deb/winrt_Windows.Devices.Enumeration-2.3.0-cp313-cp313-win32.whl", hash = "sha256:a5f2cff6ee584e5627a2246bdbcd1b3a3fd1e7ae0741f62c59f7d5a5650d5791", size = 114111, upload-time = "2024-10-20T02:58:17.957Z" },
    { url = "https://files.pythonhosted.org/packages/98/0e/b946508e7a0dfc5c07bbab0860b2f30711a6f1c1d9999e3ab889b8024c5d/winrt_Windows.Devices.Enumeration-2.3.0-cp313-cp313-win_amd64.whl", hash = "sha256:7516171521aa383ccdc8f422cc202979a2359d0d1256f22852bfb0b55d9154f0", size = 132059, upload-time = "2024-10-20T02:58:19.034Z" },
    { url = "https://files.pythonhosted.org/packages/1e/d1/564b0c7ea461351f0101c50880d959cdbdfc443cb89559d819cb3d854f7a/winrt_Windows.Devices.Enumeration-2.3.0-cp313-cp313-win_arm64.whl", hash = "sha256:80d01dfffe4b548439242f3f7a737189354768b203cca023dc29b267dfe5595a", size = 121739, upload-time = "2024-10-20T02:58:20.063Z" },
]

[[package]]
name = "winrt-windows-foundation"
version = "2.3.0"
source = { registry = "https://pypi.org/simple" }
dependencies = [
    { name = "winrt-runtime" },
]
sdist = { url = "https://files.pythonhosted.org/packages/55/7f/93fd748713622d999c5ae71fe66441c6d63b7b826285555e68807481222c/winrt_windows_foundation-2.3.0.tar.gz", hash = "sha256:c5766f011c8debbe89b460af4a97d026ca252144e62d7278c9c79c5581ea0c02", size = 22594, upload-time = "2024-10-20T04:16:09.773Z" }
wheels = [
    { url = "https://files.pythonhosted.org/packages/d7/a0/a7d21584cac23961acaa359398ae3f5ad5d1a35b98e3be9c130634c226f8/winrt_Windows.Foundation-2.3.0-cp313-cp313-win32.whl", hash = "sha256:2b00fad3f2a3859ccae41eee12ab44434813a371c2f3003b4f2419e5eecb4832", size = 85760, upload-time = "2024-10-20T03:09:14.716Z" },
    { url = "https://files.pythonhosted.org/packages/07/fe/2553025e5d1cf880b272d15ae43c5014c74687bfc041d4260d069f5357f3/winrt_Windows.Foundation-2.3.0-cp313-cp313-win_amd64.whl", hash = "sha256:686619932b2a2c689cbebc7f5196437a45fd2056656ef130bb10240bb111086a", size = 100140, upload-time = "2024-10-20T03:09:15.818Z" },
    { url = "https://files.pythonhosted.org/packages/ab/b7/94ed1b3d5341115a7f5dab8fff7b22695ae8779ece94ce9b2d9608d47478/winrt_Windows.Foundation-2.3.0-cp313-cp313-win_arm64.whl", hash = "sha256:b38dcb83fe82a7da9a57d7d5ad5deb09503b5be6d9357a9fd3016ca31673805d", size = 86641, upload-time = "2024-10-20T03:09:16.905Z" },
]

[[package]]
name = "winrt-windows-foundation-collections"
version = "2.3.0"
source = { registry = "https://pypi.org/simple" }
dependencies = [
    { name = "winrt-runtime" },
]
sdist = { url = "https://files.pythonhosted.org/packages/59/fc/a8687fb0095471b0db29f6c921a8eb971f55ab79e1ccb5bcd01bf1b4baba/winrt_windows_foundation_collections-2.3.0.tar.gz", hash = "sha256:15c997fd6b64ef0400a619319ea3c6851c9c24e31d51b6448ba9bac3616d25a0", size = 12932, upload-time = "2024-10-20T04:16:10.555Z" }
wheels = [
    { url = "https://files.pythonhosted.org/packages/ea/00/aef792aa5434c7bd69161606c7c001bba6d38a2759dc2112c19f548ea187/winrt_Windows.Foundation.Collections-2.3.0-cp313-cp313-win32.whl", hash = "sha256:1e5f1637e0919c7bb5b11ba1eebbd43bc0ad9600cf887b59fcece0f8a6c0eac3", size = 51201, upload-time = "2024-10-20T03:09:31.434Z" },
    { url = "https://files.pythonhosted.org/packages/e6/cf/dbca5e255ad05a162f82ad0f8dba7cdf91ebaf78b955f056b8fc98ead448/winrt_Windows.Foundation.Collections-2.3.0-cp313-cp313-win_amd64.whl", hash = "sha256:c809a70bc0f93d53c7289a0a86d8869740e09fff0c57318a14401f5c17e0b912", size = 60736, upload-time = "2024-10-20T03:09:32.838Z" },
    { url = "https://files.pythonhosted.org/packages/55/84/6e3a75da245964461b3e6ac5a9db7d596fbbe8cf13bf771b4264c2c93ba6/winrt_Windows.Foundation.Collections-2.3.0-cp313-cp313-win_arm64.whl", hash = "sha256:269942fe86af06293a2676c8b2dcd5cb1d8ddfe1b5244f11c16e48ae0a5d100f", size = 52492, upload-time = "2024-10-20T03:09:33.831Z" },
]

[[package]]
name = "winrt-windows-storage-streams"
version = "2.3.0"
source = { registry = "https://pypi.org/simple" }
dependencies = [
    { name = "winrt-runtime" },
]
sdist = { url = "https://files.pythonhosted.org/packages/0c/07/5872ee6f9615a58820379ade122b28ff46b4227eee2232a22083a0ce7516/winrt_windows_storage_streams-2.3.0.tar.gz", hash = "sha256:d2c010beeb1dd7c135ed67ecfaea13440474a7c469e2e9aa2852db27d2063d44", size = 23581, upload-time = "2024-10-20T04:18:05.084Z" }
wheels = [
    { url = "https://files.pythonhosted.org/packages/a5/6f/1427f0240997dd2bd5c70ee2a129b6ee497deb6db1c519f2d4fe6af34b9f/winrt_Windows.Storage.Streams-2.3.0-cp313-cp313-win32.whl", hash = "sha256:7ac4e46fc5e21d8badc5d41779273c3f5e7196f1cf2df1959b6b70eca1d5d85f", size = 96000, upload-time = "2024-10-20T03:47:32.111Z" },
    { url = "https://files.pythonhosted.org/packages/13/c1/8a673a0f7232caac6410373f492f0ebac73760f5e66996e75a2679923c40/winrt_Windows.Storage.Streams-2.3.0-cp313-cp313-win_amd64.whl", hash = "sha256:1460027c94c107fcee484997494f3a400f08ee40396f010facb0e72b3b74c457", size = 108588, upload-time = "2024-10-20T03:47:33.145Z" },
    { url = "https://files.pythonhosted.org/packages/24/72/2c0d42508109b563826d77e45ec5418b30140a33ffd9a5a420d5685c1b94/winrt_Windows.Storage.Streams-2.3.0-cp313-cp313-win_arm64.whl", hash = "sha256:e4553a70f5264a7733596802a2991e2414cdcd5e396b9d11ee87be9abae9329e", size = 103050, upload-time = "2024-10-20T03:47:34.114Z" },
]
